// !$*UTF8*$!
{
    archiveVersion = 1;
    classes = {};
    objectVersion = 46;
    rootObject = __RootObject_;
    objects = {
        __RootObject_ = {
            isa = PBXProject;
            attributes = {LastUpgradeCheck = 9999;};
            buildConfigurationList = ___RootConfs_;
            compatibilityVersion = 'Xcode 3.2';
            developmentRegion = English;
            hasScannedForEncodings = 0;
            knownRegions = (en);
            mainGroup = ___RootGroup_;
            productRefGroup = ____Products_;
            projectDirPath = '';
            projectRoot = '';
            targets = (______Target_PerfectThread, ______Target_PerfectNet, ______Target_PerfectLib, ______Target_SQLite, ______Target_PerfectPress);
        };
        '__PBXFileRef_Package.swift' = {
            isa = PBXFileReference;
            lastKnownFileType = sourcecode.swift;
            name = 'Package.swift';
            path = 'Package.swift';
            sourceTree = '<group>';
        };
        ___RootGroup_ = {
            isa = PBXGroup;
            children = ('__PBXFileRef_Package.swift', _____Configs_, _____Sources_, Dependencies_, _______Tests_, ____Products_);
            sourceTree = '<group>';
        };
        __PBXFileRef_PerfectThread_Info.plist = {
            isa = PBXFileReference;
            lastKnownFileType = text.plist.xml;
            name = 'PerfectThread_Info.plist';
            path = 'PerfectPress.xcodeproj/PerfectThread_Info.plist';
            sourceTree = SOURCE_ROOT;
        };
        _______Group_PerfectThread = {
            isa = PBXGroup;
            name = PerfectThread;
            path = 'Packages/PerfectThread-0.4.0/Sources';
            sourceTree = '<group>';
            children = ('__PBXFileRef_Packages/PerfectThread-0.4.0/Sources/Threading.swift', '__PBXFileRef_Packages/PerfectThread-0.4.0/Sources/ThreadQueue.swift', __PBXFileRef_PerfectThread_Info.plist);
        };
        '__PBXFileRef_Packages/PerfectThread-0.4.0/Sources/Threading.swift' = {
            isa = PBXFileReference;
            lastKnownFileType = sourcecode.swift;
            name = 'Threading.swift';
            sourceTree = '<group>';
        };
        '__PBXFileRef_Packages/PerfectThread-0.4.0/Sources/ThreadQueue.swift' = {
            isa = PBXFileReference;
            lastKnownFileType = sourcecode.swift;
            name = 'ThreadQueue.swift';
            sourceTree = '<group>';
        };
        ______Target_PerfectThread = {
            isa = PBXNativeTarget;
            buildConfigurationList = _______Confs_PerfectThread;
            buildPhases = (CompilePhase_PerfectThread, ___LinkPhase_PerfectThread);
            buildRules = ();
            dependencies = ();
            name = PerfectThread;
            productName = PerfectThread;
            productReference = _____Product_PerfectThread;
            productType = 'com.apple.product-type.framework';
        };
        _____Product_PerfectThread = {
            isa = PBXFileReference;
            explicitFileType = 'wrapper.framework';
            path = 'PerfectThread.framework';
            sourceTree = BUILT_PRODUCTS_DIR;
        };
        CompilePhase_PerfectThread = {
            isa = PBXSourcesBuildPhase;
            files = ('__src_cc_ref_Packages/PerfectThread-0.4.0/Sources/Threading.swift', '__src_cc_ref_Packages/PerfectThread-0.4.0/Sources/ThreadQueue.swift');
            runOnlyForDeploymentPostprocessing = 0;
        };
        '__src_cc_ref_Packages/PerfectThread-0.4.0/Sources/Threading.swift' = {
            isa = PBXBuildFile;
            fileRef = '__PBXFileRef_Packages/PerfectThread-0.4.0/Sources/Threading.swift';
        };
        '__src_cc_ref_Packages/PerfectThread-0.4.0/Sources/ThreadQueue.swift' = {
            isa = PBXBuildFile;
            fileRef = '__PBXFileRef_Packages/PerfectThread-0.4.0/Sources/ThreadQueue.swift';
        };
        ___LinkPhase_PerfectThread = {
            isa = PBXFrameworksBuildPhase;
            files = ();
            runOnlyForDeploymentPostprocessing = 0;
        };
        _______Confs_PerfectThread = {
            isa = XCConfigurationList;
            buildConfigurations = (___DebugConf_PerfectThread, _ReleaseConf_PerfectThread);
            defaultConfigurationIsVisible = 0;
            defaultConfigurationName = Debug;
        };
        ___DebugConf_PerfectThread = {
            isa = XCBuildConfiguration;
            buildSettings = { LD_RUNPATH_SEARCH_PATHS = '$(TOOLCHAIN_DIR)/usr/lib/swift/macosx'; PRODUCT_MODULE_NAME = '$(TARGET_NAME:c99extidentifier)'; ENABLE_TESTABILITY = 'YES'; OTHER_SWIFT_FLAGS = '$(inherited)'; INFOPLIST_FILE = 'PerfectPress.xcodeproj/PerfectThread_Info.plist'; FRAMEWORK_SEARCH_PATHS = '$(PLATFORM_DIR)/Developer/Library/Frameworks'; SWIFT_OPTIMIZATION_LEVEL = '-Onone'; OTHER_LDFLAGS = '$(inherited)'; PRODUCT_NAME = '$(TARGET_NAME:c99extidentifier)'; };
            name = Debug;
        };
        _ReleaseConf_PerfectThread = {
            isa = XCBuildConfiguration;
            buildSettings = { LD_RUNPATH_SEARCH_PATHS = '$(TOOLCHAIN_DIR)/usr/lib/swift/macosx'; PRODUCT_MODULE_NAME = '$(TARGET_NAME:c99extidentifier)'; ENABLE_TESTABILITY = 'YES'; OTHER_SWIFT_FLAGS = '$(inherited)'; INFOPLIST_FILE = 'PerfectPress.xcodeproj/PerfectThread_Info.plist'; FRAMEWORK_SEARCH_PATHS = '$(PLATFORM_DIR)/Developer/Library/Frameworks'; OTHER_LDFLAGS = '$(inherited)'; PRODUCT_NAME = '$(TARGET_NAME:c99extidentifier)'; };
            name = Release;
        };
        __Dependency_PerfectThread = {
            isa = PBXTargetDependency;
            target = ______Target_PerfectThread;
        };
        __PBXFileRef_PerfectNet_Info.plist = {
            isa = PBXFileReference;
            lastKnownFileType = text.plist.xml;
            name = 'PerfectNet_Info.plist';
            path = 'PerfectPress.xcodeproj/PerfectNet_Info.plist';
            sourceTree = SOURCE_ROOT;
        };
        _______Group_PerfectNet = {
            isa = PBXGroup;
            name = PerfectNet;
            path = 'Packages/PerfectNet-0.7.0/Sources';
            sourceTree = '<group>';
            children = ('__PBXFileRef_Packages/PerfectNet-0.7.0/Sources/Net.swift', '__PBXFileRef_Packages/PerfectNet-0.7.0/Sources/NetEvent.swift', '__PBXFileRef_Packages/PerfectNet-0.7.0/Sources/NetNamedPipe.swift', '__PBXFileRef_Packages/PerfectNet-0.7.0/Sources/NetTCP.swift', '__PBXFileRef_Packages/PerfectNet-0.7.0/Sources/NetTCPSSL.swift', __PBXFileRef_PerfectNet_Info.plist);
        };
        '__PBXFileRef_Packages/PerfectNet-0.7.0/Sources/Net.swift' = {
            isa = PBXFileReference;
            lastKnownFileType = sourcecode.swift;
            name = 'Net.swift';
            sourceTree = '<group>';
        };
        '__PBXFileRef_Packages/PerfectNet-0.7.0/Sources/NetEvent.swift' = {
            isa = PBXFileReference;
            lastKnownFileType = sourcecode.swift;
            name = 'NetEvent.swift';
            sourceTree = '<group>';
        };
        '__PBXFileRef_Packages/PerfectNet-0.7.0/Sources/NetNamedPipe.swift' = {
            isa = PBXFileReference;
            lastKnownFileType = sourcecode.swift;
            name = 'NetNamedPipe.swift';
            sourceTree = '<group>';
        };
        '__PBXFileRef_Packages/PerfectNet-0.7.0/Sources/NetTCP.swift' = {
            isa = PBXFileReference;
            lastKnownFileType = sourcecode.swift;
            name = 'NetTCP.swift';
            sourceTree = '<group>';
        };
        '__PBXFileRef_Packages/PerfectNet-0.7.0/Sources/NetTCPSSL.swift' = {
            isa = PBXFileReference;
            lastKnownFileType = sourcecode.swift;
            name = 'NetTCPSSL.swift';
            sourceTree = '<group>';
        };
        ______Target_PerfectNet = {
            isa = PBXNativeTarget;
            buildConfigurationList = _______Confs_PerfectNet;
            buildPhases = (CompilePhase_PerfectNet, ___LinkPhase_PerfectNet);
            buildRules = ();
            dependencies = (__Dependency_PerfectThread);
            name = PerfectNet;
            productName = PerfectNet;
            productReference = _____Product_PerfectNet;
            productType = 'com.apple.product-type.framework';
        };
        _____Product_PerfectNet = {
            isa = PBXFileReference;
            explicitFileType = 'wrapper.framework';
            path = 'PerfectNet.framework';
            sourceTree = BUILT_PRODUCTS_DIR;
        };
        CompilePhase_PerfectNet = {
            isa = PBXSourcesBuildPhase;
            files = ('__src_cc_ref_Packages/PerfectNet-0.7.0/Sources/Net.swift', '__src_cc_ref_Packages/PerfectNet-0.7.0/Sources/NetEvent.swift', '__src_cc_ref_Packages/PerfectNet-0.7.0/Sources/NetNamedPipe.swift', '__src_cc_ref_Packages/PerfectNet-0.7.0/Sources/NetTCP.swift', '__src_cc_ref_Packages/PerfectNet-0.7.0/Sources/NetTCPSSL.swift');
            runOnlyForDeploymentPostprocessing = 0;
        };
        '__src_cc_ref_Packages/PerfectNet-0.7.0/Sources/Net.swift' = {
            isa = PBXBuildFile;
            fileRef = '__PBXFileRef_Packages/PerfectNet-0.7.0/Sources/Net.swift';
        };
        '__src_cc_ref_Packages/PerfectNet-0.7.0/Sources/NetEvent.swift' = {
            isa = PBXBuildFile;
            fileRef = '__PBXFileRef_Packages/PerfectNet-0.7.0/Sources/NetEvent.swift';
        };
        '__src_cc_ref_Packages/PerfectNet-0.7.0/Sources/NetNamedPipe.swift' = {
            isa = PBXBuildFile;
            fileRef = '__PBXFileRef_Packages/PerfectNet-0.7.0/Sources/NetNamedPipe.swift';
        };
        '__src_cc_ref_Packages/PerfectNet-0.7.0/Sources/NetTCP.swift' = {
            isa = PBXBuildFile;
            fileRef = '__PBXFileRef_Packages/PerfectNet-0.7.0/Sources/NetTCP.swift';
        };
        '__src_cc_ref_Packages/PerfectNet-0.7.0/Sources/NetTCPSSL.swift' = {
            isa = PBXBuildFile;
            fileRef = '__PBXFileRef_Packages/PerfectNet-0.7.0/Sources/NetTCPSSL.swift';
        };
        ___LinkPhase_PerfectNet = {
            isa = PBXFrameworksBuildPhase;
            files = (_LinkFileRef_PerfectThread_via_PerfectNet);
            runOnlyForDeploymentPostprocessing = 0;
        };
        _LinkFileRef_PerfectThread_via_PerfectNet = {
            isa = PBXBuildFile;
            fileRef = _____Product_PerfectThread;
        };
        _______Confs_PerfectNet = {
            isa = XCConfigurationList;
            buildConfigurations = (___DebugConf_PerfectNet, _ReleaseConf_PerfectNet);
            defaultConfigurationIsVisible = 0;
            defaultConfigurationName = Debug;
        };
        ___DebugConf_PerfectNet = {
            isa = XCBuildConfiguration;
            buildSettings = { LD_RUNPATH_SEARCH_PATHS = '$(TOOLCHAIN_DIR)/usr/lib/swift/macosx'; PRODUCT_MODULE_NAME = '$(TARGET_NAME:c99extidentifier)'; ENABLE_TESTABILITY = 'YES'; OTHER_SWIFT_FLAGS = '$(inherited) -I/usr/local/Cellar/openssl/1.0.2h_1/include -I/usr/local/Cellar/openssl/1.0.2h_1/include'; INFOPLIST_FILE = 'PerfectPress.xcodeproj/PerfectNet_Info.plist'; FRAMEWORK_SEARCH_PATHS = '$(PLATFORM_DIR)/Developer/Library/Frameworks'; SWIFT_OPTIMIZATION_LEVEL = '-Onone'; HEADER_SEARCH_PATHS = '/Users/Ryan/Developer/Swift/OS X/PerfectPress/Packages/OpenSSL-0.3.0'; OTHER_LDFLAGS = '$(inherited) -L/usr/local/Cellar/openssl/1.0.2h_1/lib -lssl -L/usr/local/Cellar/openssl/1.0.2h_1/lib -lcrypto'; PRODUCT_NAME = '$(TARGET_NAME:c99extidentifier)'; };
            name = Debug;
        };
        _ReleaseConf_PerfectNet = {
            isa = XCBuildConfiguration;
            buildSettings = { LD_RUNPATH_SEARCH_PATHS = '$(TOOLCHAIN_DIR)/usr/lib/swift/macosx'; PRODUCT_MODULE_NAME = '$(TARGET_NAME:c99extidentifier)'; ENABLE_TESTABILITY = 'YES'; OTHER_SWIFT_FLAGS = '$(inherited) -I/usr/local/Cellar/openssl/1.0.2h_1/include -I/usr/local/Cellar/openssl/1.0.2h_1/include'; INFOPLIST_FILE = 'PerfectPress.xcodeproj/PerfectNet_Info.plist'; FRAMEWORK_SEARCH_PATHS = '$(PLATFORM_DIR)/Developer/Library/Frameworks'; HEADER_SEARCH_PATHS = '/Users/Ryan/Developer/Swift/OS X/PerfectPress/Packages/OpenSSL-0.3.0'; OTHER_LDFLAGS = '$(inherited) -L/usr/local/Cellar/openssl/1.0.2h_1/lib -lssl -L/usr/local/Cellar/openssl/1.0.2h_1/lib -lcrypto'; PRODUCT_NAME = '$(TARGET_NAME:c99extidentifier)'; };
            name = Release;
        };
        __Dependency_PerfectNet = {
            isa = PBXTargetDependency;
            target = ______Target_PerfectNet;
        };
        __PBXFileRef_PerfectLib_Info.plist = {
            isa = PBXFileReference;
            lastKnownFileType = text.plist.xml;
            name = 'PerfectLib_Info.plist';
            path = 'PerfectPress.xcodeproj/PerfectLib_Info.plist';
            sourceTree = SOURCE_ROOT;
        };
        _______Group_PerfectLib = {
            isa = PBXGroup;
            name = PerfectLib;
            path = 'Packages/PerfectLib-0.32.0/Sources/PerfectLib';
            sourceTree = '<group>';
            children = ('__PBXFileRef_Packages/PerfectLib-0.32.0/Sources/PerfectLib/Bytes.swift', '__PBXFileRef_Packages/PerfectLib-0.32.0/Sources/PerfectLib/Dir.swift', '__PBXFileRef_Packages/PerfectLib-0.32.0/Sources/PerfectLib/DynamicLoader.swift', '__PBXFileRef_Packages/PerfectLib-0.32.0/Sources/PerfectLib/FastCGI.swift', '__PBXFileRef_Packages/PerfectLib-0.32.0/Sources/PerfectLib/FastCGIServer.swift', '__PBXFileRef_Packages/PerfectLib-0.32.0/Sources/PerfectLib/File.swift', '__PBXFileRef_Packages/PerfectLib-0.32.0/Sources/PerfectLib/HPACK.swift', '__PBXFileRef_Packages/PerfectLib-0.32.0/Sources/PerfectLib/HTTP2.swift', '__PBXFileRef_Packages/PerfectLib-0.32.0/Sources/PerfectLib/HTTPServer.swift', '__PBXFileRef_Packages/PerfectLib-0.32.0/Sources/PerfectLib/JSONConvertible.swift', '__PBXFileRef_Packages/PerfectLib-0.32.0/Sources/PerfectLib/LogManager.swift', '__PBXFileRef_Packages/PerfectLib-0.32.0/Sources/PerfectLib/MimeReader.swift', '__PBXFileRef_Packages/PerfectLib-0.32.0/Sources/PerfectLib/MimeType.swift', '__PBXFileRef_Packages/PerfectLib-0.32.0/Sources/PerfectLib/Mustache.swift', '__PBXFileRef_Packages/PerfectLib-0.32.0/Sources/PerfectLib/NotificationPusher.swift', '__PBXFileRef_Packages/PerfectLib-0.32.0/Sources/PerfectLib/PerfectError.swift', '__PBXFileRef_Packages/PerfectLib-0.32.0/Sources/PerfectLib/PerfectServer.swift', '__PBXFileRef_Packages/PerfectLib-0.32.0/Sources/PerfectLib/Routing.swift', '__PBXFileRef_Packages/PerfectLib-0.32.0/Sources/PerfectLib/StaticFileHandler.swift', '__PBXFileRef_Packages/PerfectLib-0.32.0/Sources/PerfectLib/SwiftCompatibility.swift', '__PBXFileRef_Packages/PerfectLib-0.32.0/Sources/PerfectLib/SysProcess.swift', '__PBXFileRef_Packages/PerfectLib-0.32.0/Sources/PerfectLib/Utilities.swift', '__PBXFileRef_Packages/PerfectLib-0.32.0/Sources/PerfectLib/WebConnection.swift', '__PBXFileRef_Packages/PerfectLib-0.32.0/Sources/PerfectLib/WebRequest.swift', '__PBXFileRef_Packages/PerfectLib-0.32.0/Sources/PerfectLib/WebResponse.swift', '__PBXFileRef_Packages/PerfectLib-0.32.0/Sources/PerfectLib/WebSocketHandler.swift', __PBXFileRef_PerfectLib_Info.plist);
        };
        '__PBXFileRef_Packages/PerfectLib-0.32.0/Sources/PerfectLib/Bytes.swift' = {
            isa = PBXFileReference;
            lastKnownFileType = sourcecode.swift;
            name = 'Bytes.swift';
            sourceTree = '<group>';
        };
        '__PBXFileRef_Packages/PerfectLib-0.32.0/Sources/PerfectLib/Dir.swift' = {
            isa = PBXFileReference;
            lastKnownFileType = sourcecode.swift;
            name = 'Dir.swift';
            sourceTree = '<group>';
        };
        '__PBXFileRef_Packages/PerfectLib-0.32.0/Sources/PerfectLib/DynamicLoader.swift' = {
            isa = PBXFileReference;
            lastKnownFileType = sourcecode.swift;
            name = 'DynamicLoader.swift';
            sourceTree = '<group>';
        };
        '__PBXFileRef_Packages/PerfectLib-0.32.0/Sources/PerfectLib/FastCGI.swift' = {
            isa = PBXFileReference;
            lastKnownFileType = sourcecode.swift;
            name = 'FastCGI.swift';
            sourceTree = '<group>';
        };
        '__PBXFileRef_Packages/PerfectLib-0.32.0/Sources/PerfectLib/FastCGIServer.swift' = {
            isa = PBXFileReference;
            lastKnownFileType = sourcecode.swift;
            name = 'FastCGIServer.swift';
            sourceTree = '<group>';
        };
        '__PBXFileRef_Packages/PerfectLib-0.32.0/Sources/PerfectLib/File.swift' = {
            isa = PBXFileReference;
            lastKnownFileType = sourcecode.swift;
            name = 'File.swift';
            sourceTree = '<group>';
        };
        '__PBXFileRef_Packages/PerfectLib-0.32.0/Sources/PerfectLib/HPACK.swift' = {
            isa = PBXFileReference;
            lastKnownFileType = sourcecode.swift;
            name = 'HPACK.swift';
            sourceTree = '<group>';
        };
        '__PBXFileRef_Packages/PerfectLib-0.32.0/Sources/PerfectLib/HTTP2.swift' = {
            isa = PBXFileReference;
            lastKnownFileType = sourcecode.swift;
            name = 'HTTP2.swift';
            sourceTree = '<group>';
        };
        '__PBXFileRef_Packages/PerfectLib-0.32.0/Sources/PerfectLib/HTTPServer.swift' = {
            isa = PBXFileReference;
            lastKnownFileType = sourcecode.swift;
            name = 'HTTPServer.swift';
            sourceTree = '<group>';
        };
        '__PBXFileRef_Packages/PerfectLib-0.32.0/Sources/PerfectLib/JSONConvertible.swift' = {
            isa = PBXFileReference;
            lastKnownFileType = sourcecode.swift;
            name = 'JSONConvertible.swift';
            sourceTree = '<group>';
        };
        '__PBXFileRef_Packages/PerfectLib-0.32.0/Sources/PerfectLib/LogManager.swift' = {
            isa = PBXFileReference;
            lastKnownFileType = sourcecode.swift;
            name = 'LogManager.swift';
            sourceTree = '<group>';
        };
        '__PBXFileRef_Packages/PerfectLib-0.32.0/Sources/PerfectLib/MimeReader.swift' = {
            isa = PBXFileReference;
            lastKnownFileType = sourcecode.swift;
            name = 'MimeReader.swift';
            sourceTree = '<group>';
        };
        '__PBXFileRef_Packages/PerfectLib-0.32.0/Sources/PerfectLib/MimeType.swift' = {
            isa = PBXFileReference;
            lastKnownFileType = sourcecode.swift;
            name = 'MimeType.swift';
            sourceTree = '<group>';
        };
        '__PBXFileRef_Packages/PerfectLib-0.32.0/Sources/PerfectLib/Mustache.swift' = {
            isa = PBXFileReference;
            lastKnownFileType = sourcecode.swift;
            name = 'Mustache.swift';
            sourceTree = '<group>';
        };
        '__PBXFileRef_Packages/PerfectLib-0.32.0/Sources/PerfectLib/NotificationPusher.swift' = {
            isa = PBXFileReference;
            lastKnownFileType = sourcecode.swift;
            name = 'NotificationPusher.swift';
            sourceTree = '<group>';
        };
        '__PBXFileRef_Packages/PerfectLib-0.32.0/Sources/PerfectLib/PerfectError.swift' = {
            isa = PBXFileReference;
            lastKnownFileType = sourcecode.swift;
            name = 'PerfectError.swift';
            sourceTree = '<group>';
        };
        '__PBXFileRef_Packages/PerfectLib-0.32.0/Sources/PerfectLib/PerfectServer.swift' = {
            isa = PBXFileReference;
            lastKnownFileType = sourcecode.swift;
            name = 'PerfectServer.swift';
            sourceTree = '<group>';
        };
        '__PBXFileRef_Packages/PerfectLib-0.32.0/Sources/PerfectLib/Routing.swift' = {
            isa = PBXFileReference;
            lastKnownFileType = sourcecode.swift;
            name = 'Routing.swift';
            sourceTree = '<group>';
        };
        '__PBXFileRef_Packages/PerfectLib-0.32.0/Sources/PerfectLib/StaticFileHandler.swift' = {
            isa = PBXFileReference;
            lastKnownFileType = sourcecode.swift;
            name = 'StaticFileHandler.swift';
            sourceTree = '<group>';
        };
        '__PBXFileRef_Packages/PerfectLib-0.32.0/Sources/PerfectLib/SwiftCompatibility.swift' = {
            isa = PBXFileReference;
            lastKnownFileType = sourcecode.swift;
            name = 'SwiftCompatibility.swift';
            sourceTree = '<group>';
        };
        '__PBXFileRef_Packages/PerfectLib-0.32.0/Sources/PerfectLib/SysProcess.swift' = {
            isa = PBXFileReference;
            lastKnownFileType = sourcecode.swift;
            name = 'SysProcess.swift';
            sourceTree = '<group>';
        };
        '__PBXFileRef_Packages/PerfectLib-0.32.0/Sources/PerfectLib/Utilities.swift' = {
            isa = PBXFileReference;
            lastKnownFileType = sourcecode.swift;
            name = 'Utilities.swift';
            sourceTree = '<group>';
        };
        '__PBXFileRef_Packages/PerfectLib-0.32.0/Sources/PerfectLib/WebConnection.swift' = {
            isa = PBXFileReference;
            lastKnownFileType = sourcecode.swift;
            name = 'WebConnection.swift';
            sourceTree = '<group>';
        };
        '__PBXFileRef_Packages/PerfectLib-0.32.0/Sources/PerfectLib/WebRequest.swift' = {
            isa = PBXFileReference;
            lastKnownFileType = sourcecode.swift;
            name = 'WebRequest.swift';
            sourceTree = '<group>';
        };
        '__PBXFileRef_Packages/PerfectLib-0.32.0/Sources/PerfectLib/WebResponse.swift' = {
            isa = PBXFileReference;
            lastKnownFileType = sourcecode.swift;
            name = 'WebResponse.swift';
            sourceTree = '<group>';
        };
        '__PBXFileRef_Packages/PerfectLib-0.32.0/Sources/PerfectLib/WebSocketHandler.swift' = {
            isa = PBXFileReference;
            lastKnownFileType = sourcecode.swift;
            name = 'WebSocketHandler.swift';
            sourceTree = '<group>';
        };
        ______Target_PerfectLib = {
            isa = PBXNativeTarget;
            buildConfigurationList = _______Confs_PerfectLib;
            buildPhases = (CompilePhase_PerfectLib, ___LinkPhase_PerfectLib);
            buildRules = ();
            dependencies = (__Dependency_PerfectThread, __Dependency_PerfectNet);
            name = PerfectLib;
            productName = PerfectLib;
            productReference = _____Product_PerfectLib;
            productType = 'com.apple.product-type.framework';
        };
        _____Product_PerfectLib = {
            isa = PBXFileReference;
            explicitFileType = 'wrapper.framework';
            path = 'PerfectLib.framework';
            sourceTree = BUILT_PRODUCTS_DIR;
        };
        CompilePhase_PerfectLib = {
            isa = PBXSourcesBuildPhase;
            files = ('__src_cc_ref_Packages/PerfectLib-0.32.0/Sources/PerfectLib/Bytes.swift', '__src_cc_ref_Packages/PerfectLib-0.32.0/Sources/PerfectLib/Dir.swift', '__src_cc_ref_Packages/PerfectLib-0.32.0/Sources/PerfectLib/DynamicLoader.swift', '__src_cc_ref_Packages/PerfectLib-0.32.0/Sources/PerfectLib/FastCGI.swift', '__src_cc_ref_Packages/PerfectLib-0.32.0/Sources/PerfectLib/FastCGIServer.swift', '__src_cc_ref_Packages/PerfectLib-0.32.0/Sources/PerfectLib/File.swift', '__src_cc_ref_Packages/PerfectLib-0.32.0/Sources/PerfectLib/HPACK.swift', '__src_cc_ref_Packages/PerfectLib-0.32.0/Sources/PerfectLib/HTTP2.swift', '__src_cc_ref_Packages/PerfectLib-0.32.0/Sources/PerfectLib/HTTPServer.swift', '__src_cc_ref_Packages/PerfectLib-0.32.0/Sources/PerfectLib/JSONConvertible.swift', '__src_cc_ref_Packages/PerfectLib-0.32.0/Sources/PerfectLib/LogManager.swift', '__src_cc_ref_Packages/PerfectLib-0.32.0/Sources/PerfectLib/MimeReader.swift', '__src_cc_ref_Packages/PerfectLib-0.32.0/Sources/PerfectLib/MimeType.swift', '__src_cc_ref_Packages/PerfectLib-0.32.0/Sources/PerfectLib/Mustache.swift', '__src_cc_ref_Packages/PerfectLib-0.32.0/Sources/PerfectLib/NotificationPusher.swift', '__src_cc_ref_Packages/PerfectLib-0.32.0/Sources/PerfectLib/PerfectError.swift', '__src_cc_ref_Packages/PerfectLib-0.32.0/Sources/PerfectLib/PerfectServer.swift', '__src_cc_ref_Packages/PerfectLib-0.32.0/Sources/PerfectLib/Routing.swift', '__src_cc_ref_Packages/PerfectLib-0.32.0/Sources/PerfectLib/StaticFileHandler.swift', '__src_cc_ref_Packages/PerfectLib-0.32.0/Sources/PerfectLib/SwiftCompatibility.swift', '__src_cc_ref_Packages/PerfectLib-0.32.0/Sources/PerfectLib/SysProcess.swift', '__src_cc_ref_Packages/PerfectLib-0.32.0/Sources/PerfectLib/Utilities.swift', '__src_cc_ref_Packages/PerfectLib-0.32.0/Sources/PerfectLib/WebConnection.swift', '__src_cc_ref_Packages/PerfectLib-0.32.0/Sources/PerfectLib/WebRequest.swift', '__src_cc_ref_Packages/PerfectLib-0.32.0/Sources/PerfectLib/WebResponse.swift', '__src_cc_ref_Packages/PerfectLib-0.32.0/Sources/PerfectLib/WebSocketHandler.swift');
            runOnlyForDeploymentPostprocessing = 0;
        };
        '__src_cc_ref_Packages/PerfectLib-0.32.0/Sources/PerfectLib/Bytes.swift' = {
            isa = PBXBuildFile;
            fileRef = '__PBXFileRef_Packages/PerfectLib-0.32.0/Sources/PerfectLib/Bytes.swift';
        };
        '__src_cc_ref_Packages/PerfectLib-0.32.0/Sources/PerfectLib/Dir.swift' = {
            isa = PBXBuildFile;
            fileRef = '__PBXFileRef_Packages/PerfectLib-0.32.0/Sources/PerfectLib/Dir.swift';
        };
        '__src_cc_ref_Packages/PerfectLib-0.32.0/Sources/PerfectLib/DynamicLoader.swift' = {
            isa = PBXBuildFile;
            fileRef = '__PBXFileRef_Packages/PerfectLib-0.32.0/Sources/PerfectLib/DynamicLoader.swift';
        };
        '__src_cc_ref_Packages/PerfectLib-0.32.0/Sources/PerfectLib/FastCGI.swift' = {
            isa = PBXBuildFile;
            fileRef = '__PBXFileRef_Packages/PerfectLib-0.32.0/Sources/PerfectLib/FastCGI.swift';
        };
        '__src_cc_ref_Packages/PerfectLib-0.32.0/Sources/PerfectLib/FastCGIServer.swift' = {
            isa = PBXBuildFile;
            fileRef = '__PBXFileRef_Packages/PerfectLib-0.32.0/Sources/PerfectLib/FastCGIServer.swift';
        };
        '__src_cc_ref_Packages/PerfectLib-0.32.0/Sources/PerfectLib/File.swift' = {
            isa = PBXBuildFile;
            fileRef = '__PBXFileRef_Packages/PerfectLib-0.32.0/Sources/PerfectLib/File.swift';
        };
        '__src_cc_ref_Packages/PerfectLib-0.32.0/Sources/PerfectLib/HPACK.swift' = {
            isa = PBXBuildFile;
            fileRef = '__PBXFileRef_Packages/PerfectLib-0.32.0/Sources/PerfectLib/HPACK.swift';
        };
        '__src_cc_ref_Packages/PerfectLib-0.32.0/Sources/PerfectLib/HTTP2.swift' = {
            isa = PBXBuildFile;
            fileRef = '__PBXFileRef_Packages/PerfectLib-0.32.0/Sources/PerfectLib/HTTP2.swift';
        };
        '__src_cc_ref_Packages/PerfectLib-0.32.0/Sources/PerfectLib/HTTPServer.swift' = {
            isa = PBXBuildFile;
            fileRef = '__PBXFileRef_Packages/PerfectLib-0.32.0/Sources/PerfectLib/HTTPServer.swift';
        };
        '__src_cc_ref_Packages/PerfectLib-0.32.0/Sources/PerfectLib/JSONConvertible.swift' = {
            isa = PBXBuildFile;
            fileRef = '__PBXFileRef_Packages/PerfectLib-0.32.0/Sources/PerfectLib/JSONConvertible.swift';
        };
        '__src_cc_ref_Packages/PerfectLib-0.32.0/Sources/PerfectLib/LogManager.swift' = {
            isa = PBXBuildFile;
            fileRef = '__PBXFileRef_Packages/PerfectLib-0.32.0/Sources/PerfectLib/LogManager.swift';
        };
        '__src_cc_ref_Packages/PerfectLib-0.32.0/Sources/PerfectLib/MimeReader.swift' = {
            isa = PBXBuildFile;
            fileRef = '__PBXFileRef_Packages/PerfectLib-0.32.0/Sources/PerfectLib/MimeReader.swift';
        };
        '__src_cc_ref_Packages/PerfectLib-0.32.0/Sources/PerfectLib/MimeType.swift' = {
            isa = PBXBuildFile;
            fileRef = '__PBXFileRef_Packages/PerfectLib-0.32.0/Sources/PerfectLib/MimeType.swift';
        };
        '__src_cc_ref_Packages/PerfectLib-0.32.0/Sources/PerfectLib/Mustache.swift' = {
            isa = PBXBuildFile;
            fileRef = '__PBXFileRef_Packages/PerfectLib-0.32.0/Sources/PerfectLib/Mustache.swift';
        };
        '__src_cc_ref_Packages/PerfectLib-0.32.0/Sources/PerfectLib/NotificationPusher.swift' = {
            isa = PBXBuildFile;
            fileRef = '__PBXFileRef_Packages/PerfectLib-0.32.0/Sources/PerfectLib/NotificationPusher.swift';
        };
        '__src_cc_ref_Packages/PerfectLib-0.32.0/Sources/PerfectLib/PerfectError.swift' = {
            isa = PBXBuildFile;
            fileRef = '__PBXFileRef_Packages/PerfectLib-0.32.0/Sources/PerfectLib/PerfectError.swift';
        };
        '__src_cc_ref_Packages/PerfectLib-0.32.0/Sources/PerfectLib/PerfectServer.swift' = {
            isa = PBXBuildFile;
            fileRef = '__PBXFileRef_Packages/PerfectLib-0.32.0/Sources/PerfectLib/PerfectServer.swift';
        };
        '__src_cc_ref_Packages/PerfectLib-0.32.0/Sources/PerfectLib/Routing.swift' = {
            isa = PBXBuildFile;
            fileRef = '__PBXFileRef_Packages/PerfectLib-0.32.0/Sources/PerfectLib/Routing.swift';
        };
        '__src_cc_ref_Packages/PerfectLib-0.32.0/Sources/PerfectLib/StaticFileHandler.swift' = {
            isa = PBXBuildFile;
            fileRef = '__PBXFileRef_Packages/PerfectLib-0.32.0/Sources/PerfectLib/StaticFileHandler.swift';
        };
        '__src_cc_ref_Packages/PerfectLib-0.32.0/Sources/PerfectLib/SwiftCompatibility.swift' = {
            isa = PBXBuildFile;
            fileRef = '__PBXFileRef_Packages/PerfectLib-0.32.0/Sources/PerfectLib/SwiftCompatibility.swift';
        };
        '__src_cc_ref_Packages/PerfectLib-0.32.0/Sources/PerfectLib/SysProcess.swift' = {
            isa = PBXBuildFile;
            fileRef = '__PBXFileRef_Packages/PerfectLib-0.32.0/Sources/PerfectLib/SysProcess.swift';
        };
        '__src_cc_ref_Packages/PerfectLib-0.32.0/Sources/PerfectLib/Utilities.swift' = {
            isa = PBXBuildFile;
            fileRef = '__PBXFileRef_Packages/PerfectLib-0.32.0/Sources/PerfectLib/Utilities.swift';
        };
        '__src_cc_ref_Packages/PerfectLib-0.32.0/Sources/PerfectLib/WebConnection.swift' = {
            isa = PBXBuildFile;
            fileRef = '__PBXFileRef_Packages/PerfectLib-0.32.0/Sources/PerfectLib/WebConnection.swift';
        };
        '__src_cc_ref_Packages/PerfectLib-0.32.0/Sources/PerfectLib/WebRequest.swift' = {
            isa = PBXBuildFile;
            fileRef = '__PBXFileRef_Packages/PerfectLib-0.32.0/Sources/PerfectLib/WebRequest.swift';
        };
        '__src_cc_ref_Packages/PerfectLib-0.32.0/Sources/PerfectLib/WebResponse.swift' = {
            isa = PBXBuildFile;
            fileRef = '__PBXFileRef_Packages/PerfectLib-0.32.0/Sources/PerfectLib/WebResponse.swift';
        };
        '__src_cc_ref_Packages/PerfectLib-0.32.0/Sources/PerfectLib/WebSocketHandler.swift' = {
            isa = PBXBuildFile;
            fileRef = '__PBXFileRef_Packages/PerfectLib-0.32.0/Sources/PerfectLib/WebSocketHandler.swift';
        };
        ___LinkPhase_PerfectLib = {
            isa = PBXFrameworksBuildPhase;
            files = (_LinkFileRef_PerfectThread_via_PerfectLib, _LinkFileRef_PerfectNet_via_PerfectLib);
            runOnlyForDeploymentPostprocessing = 0;
        };
        _LinkFileRef_PerfectThread_via_PerfectLib = {
            isa = PBXBuildFile;
            fileRef = _____Product_PerfectThread;
        };
        _LinkFileRef_PerfectNet_via_PerfectLib = {
            isa = PBXBuildFile;
            fileRef = _____Product_PerfectNet;
        };
        _______Confs_PerfectLib = {
            isa = XCConfigurationList;
            buildConfigurations = (___DebugConf_PerfectLib, _ReleaseConf_PerfectLib);
            defaultConfigurationIsVisible = 0;
            defaultConfigurationName = Debug;
        };
        ___DebugConf_PerfectLib = {
            isa = XCBuildConfiguration;
            buildSettings = { LD_RUNPATH_SEARCH_PATHS = '$(TOOLCHAIN_DIR)/usr/lib/swift/macosx'; PRODUCT_MODULE_NAME = '$(TARGET_NAME:c99extidentifier)'; ENABLE_TESTABILITY = 'YES'; OTHER_SWIFT_FLAGS = '$(inherited) -I/usr/local/Cellar/openssl/1.0.2h_1/include -I/usr/local/Cellar/openssl/1.0.2h_1/include'; INFOPLIST_FILE = 'PerfectPress.xcodeproj/PerfectLib_Info.plist'; FRAMEWORK_SEARCH_PATHS = '$(PLATFORM_DIR)/Developer/Library/Frameworks'; SWIFT_OPTIMIZATION_LEVEL = '-Onone'; HEADER_SEARCH_PATHS = '/Users/Ryan/Developer/Swift/OS X/PerfectPress/Packages/OpenSSL-0.3.0'; OTHER_LDFLAGS = '$(inherited) -L/usr/local/Cellar/openssl/1.0.2h_1/lib -lssl -L/usr/local/Cellar/openssl/1.0.2h_1/lib -lcrypto'; PRODUCT_NAME = '$(TARGET_NAME:c99extidentifier)'; };
            name = Debug;
        };
        _ReleaseConf_PerfectLib = {
            isa = XCBuildConfiguration;
            buildSettings = { LD_RUNPATH_SEARCH_PATHS = '$(TOOLCHAIN_DIR)/usr/lib/swift/macosx'; PRODUCT_MODULE_NAME = '$(TARGET_NAME:c99extidentifier)'; ENABLE_TESTABILITY = 'YES'; OTHER_SWIFT_FLAGS = '$(inherited) -I/usr/local/Cellar/openssl/1.0.2h_1/include -I/usr/local/Cellar/openssl/1.0.2h_1/include'; INFOPLIST_FILE = 'PerfectPress.xcodeproj/PerfectLib_Info.plist'; FRAMEWORK_SEARCH_PATHS = '$(PLATFORM_DIR)/Developer/Library/Frameworks'; HEADER_SEARCH_PATHS = '/Users/Ryan/Developer/Swift/OS X/PerfectPress/Packages/OpenSSL-0.3.0'; OTHER_LDFLAGS = '$(inherited) -L/usr/local/Cellar/openssl/1.0.2h_1/lib -lssl -L/usr/local/Cellar/openssl/1.0.2h_1/lib -lcrypto'; PRODUCT_NAME = '$(TARGET_NAME:c99extidentifier)'; };
            name = Release;
        };
        __Dependency_PerfectLib = {
            isa = PBXTargetDependency;
            target = ______Target_PerfectLib;
        };
        __PBXFileRef_SQLite_Info.plist = {
            isa = PBXFileReference;
            lastKnownFileType = text.plist.xml;
            name = 'SQLite_Info.plist';
            path = 'PerfectPress.xcodeproj/SQLite_Info.plist';
            sourceTree = SOURCE_ROOT;
        };
        _______Group_SQLite = {
            isa = PBXGroup;
            name = SQLite;
            path = 'Packages/SQLite-0.3.0/Sources/SQLite';
            sourceTree = '<group>';
            children = ('__PBXFileRef_Packages/SQLite-0.3.0/Sources/SQLite/SQLite.swift', __PBXFileRef_SQLite_Info.plist);
        };
        '__PBXFileRef_Packages/SQLite-0.3.0/Sources/SQLite/SQLite.swift' = {
            isa = PBXFileReference;
            lastKnownFileType = sourcecode.swift;
            name = 'SQLite.swift';
            sourceTree = '<group>';
        };
        ______Target_SQLite = {
            isa = PBXNativeTarget;
            buildConfigurationList = _______Confs_SQLite;
            buildPhases = (CompilePhase_SQLite, ___LinkPhase_SQLite);
            buildRules = ();
            dependencies = ();
            name = SQLite;
            productName = SQLite;
            productReference = _____Product_SQLite;
            productType = 'com.apple.product-type.framework';
        };
        _____Product_SQLite = {
            isa = PBXFileReference;
            explicitFileType = 'wrapper.framework';
            path = 'SQLite.framework';
            sourceTree = BUILT_PRODUCTS_DIR;
        };
        CompilePhase_SQLite = {
            isa = PBXSourcesBuildPhase;
            files = ('__src_cc_ref_Packages/SQLite-0.3.0/Sources/SQLite/SQLite.swift');
            runOnlyForDeploymentPostprocessing = 0;
        };
        '__src_cc_ref_Packages/SQLite-0.3.0/Sources/SQLite/SQLite.swift' = {
            isa = PBXBuildFile;
            fileRef = '__PBXFileRef_Packages/SQLite-0.3.0/Sources/SQLite/SQLite.swift';
        };
        ___LinkPhase_SQLite = {
            isa = PBXFrameworksBuildPhase;
            files = ();
            runOnlyForDeploymentPostprocessing = 0;
        };
        _______Confs_SQLite = {
            isa = XCConfigurationList;
            buildConfigurations = (___DebugConf_SQLite, _ReleaseConf_SQLite);
            defaultConfigurationIsVisible = 0;
            defaultConfigurationName = Debug;
        };
        ___DebugConf_SQLite = {
            isa = XCBuildConfiguration;
            buildSettings = { LD_RUNPATH_SEARCH_PATHS = '$(TOOLCHAIN_DIR)/usr/lib/swift/macosx'; PRODUCT_MODULE_NAME = '$(TARGET_NAME:c99extidentifier)'; ENABLE_TESTABILITY = 'YES'; OTHER_SWIFT_FLAGS = '$(inherited)'; INFOPLIST_FILE = 'PerfectPress.xcodeproj/SQLite_Info.plist'; FRAMEWORK_SEARCH_PATHS = '$(PLATFORM_DIR)/Developer/Library/Frameworks'; SWIFT_OPTIMIZATION_LEVEL = '-Onone'; HEADER_SEARCH_PATHS = '/Users/Ryan/Developer/Swift/OS X/PerfectPress/Packages/SQLite3-0.3.0'; OTHER_LDFLAGS = '$(inherited)'; PRODUCT_NAME = '$(TARGET_NAME:c99extidentifier)'; };
            name = Debug;
        };
        _ReleaseConf_SQLite = {
            isa = XCBuildConfiguration;
            buildSettings = { LD_RUNPATH_SEARCH_PATHS = '$(TOOLCHAIN_DIR)/usr/lib/swift/macosx'; PRODUCT_MODULE_NAME = '$(TARGET_NAME:c99extidentifier)'; ENABLE_TESTABILITY = 'YES'; OTHER_SWIFT_FLAGS = '$(inherited)'; INFOPLIST_FILE = 'PerfectPress.xcodeproj/SQLite_Info.plist'; FRAMEWORK_SEARCH_PATHS = '$(PLATFORM_DIR)/Developer/Library/Frameworks'; HEADER_SEARCH_PATHS = '/Users/Ryan/Developer/Swift/OS X/PerfectPress/Packages/SQLite3-0.3.0'; OTHER_LDFLAGS = '$(inherited)'; PRODUCT_NAME = '$(TARGET_NAME:c99extidentifier)'; };
            name = Release;
        };
        __Dependency_SQLite = {
            isa = PBXTargetDependency;
            target = ______Target_SQLite;
        };
        _______Group_PerfectPress = {
            isa = PBXGroup;
            name = PerfectPress;
            path = 'Sources';
            sourceTree = '<group>';
            children = ('__PBXFileRef_Sources/config.swift', '__PBXFileRef_Sources/IndexHandler.swift', '__PBXFileRef_Sources/main.swift');
        };
        '__PBXFileRef_Sources/config.swift' = {
            isa = PBXFileReference;
            lastKnownFileType = sourcecode.swift;
            name = 'config.swift';
            sourceTree = '<group>';
        };
        '__PBXFileRef_Sources/IndexHandler.swift' = {
            isa = PBXFileReference;
            lastKnownFileType = sourcecode.swift;
            name = 'IndexHandler.swift';
            sourceTree = '<group>';
        };
        '__PBXFileRef_Sources/main.swift' = {
            isa = PBXFileReference;
            lastKnownFileType = sourcecode.swift;
            name = 'main.swift';
            sourceTree = '<group>';
        };
        ______Target_PerfectPress = {
            isa = PBXNativeTarget;
            buildConfigurationList = _______Confs_PerfectPress;
            buildPhases = (CompilePhase_PerfectPress, ___LinkPhase_PerfectPress);
            buildRules = ();
            dependencies = (__Dependency_PerfectThread, __Dependency_PerfectNet, __Dependency_SQLite, __Dependency_PerfectLib);
            name = PerfectPress;
            productName = PerfectPress;
            productReference = _____Product_PerfectPress;
            productType = 'com.apple.product-type.tool';
        };
        _____Product_PerfectPress = {
            isa = PBXFileReference;
            explicitFileType = 'compiled.mach-o.executable';
            path = 'PerfectPress';
            sourceTree = BUILT_PRODUCTS_DIR;
        };
        CompilePhase_PerfectPress = {
            isa = PBXSourcesBuildPhase;
            files = ('__src_cc_ref_Sources/config.swift', '__src_cc_ref_Sources/IndexHandler.swift', '__src_cc_ref_Sources/main.swift');
            runOnlyForDeploymentPostprocessing = 0;
        };
        '__src_cc_ref_Sources/config.swift' = {
            isa = PBXBuildFile;
            fileRef = '__PBXFileRef_Sources/config.swift';
        };
        '__src_cc_ref_Sources/IndexHandler.swift' = {
            isa = PBXBuildFile;
            fileRef = '__PBXFileRef_Sources/IndexHandler.swift';
        };
        '__src_cc_ref_Sources/main.swift' = {
            isa = PBXBuildFile;
            fileRef = '__PBXFileRef_Sources/main.swift';
        };
        ___LinkPhase_PerfectPress = {
            isa = PBXFrameworksBuildPhase;
            files = (_LinkFileRef_PerfectThread_via_PerfectPress, _LinkFileRef_PerfectNet_via_PerfectPress, _LinkFileRef_SQLite_via_PerfectPress, _LinkFileRef_PerfectLib_via_PerfectPress);
            runOnlyForDeploymentPostprocessing = 0;
        };
        _LinkFileRef_PerfectThread_via_PerfectPress = {
            isa = PBXBuildFile;
            fileRef = _____Product_PerfectThread;
        };
        _LinkFileRef_PerfectNet_via_PerfectPress = {
            isa = PBXBuildFile;
            fileRef = _____Product_PerfectNet;
        };
        _LinkFileRef_SQLite_via_PerfectPress = {
            isa = PBXBuildFile;
            fileRef = _____Product_SQLite;
        };
        _LinkFileRef_PerfectLib_via_PerfectPress = {
            isa = PBXBuildFile;
            fileRef = _____Product_PerfectLib;
        };
        _______Confs_PerfectPress = {
            isa = XCConfigurationList;
            buildConfigurations = (___DebugConf_PerfectPress, _ReleaseConf_PerfectPress);
            defaultConfigurationIsVisible = 0;
            defaultConfigurationName = Debug;
        };
        ___DebugConf_PerfectPress = {
            isa = XCBuildConfiguration;
            buildSettings = { LD_RUNPATH_SEARCH_PATHS = '$(TOOLCHAIN_DIR)/usr/lib/swift/macosx @executable_path'; FRAMEWORK_SEARCH_PATHS = '$(PLATFORM_DIR)/Developer/Library/Frameworks'; HEADER_SEARCH_PATHS = '/Users/Ryan/Developer/Swift/OS X/PerfectPress/Packages/SQLite3-0.3.0 /Users/Ryan/Developer/Swift/OS X/PerfectPress/Packages/OpenSSL-0.3.0'; OTHER_SWIFT_FLAGS = '$(inherited) -I/usr/local/Cellar/openssl/1.0.2h_1/include -I/usr/local/Cellar/openssl/1.0.2h_1/include'; SWIFT_FORCE_STATIC_LINK_STDLIB = 'NO'; SWIFT_FORCE_DYNAMIC_LINK_STDLIB = 'YES'; SWIFT_OPTIMIZATION_LEVEL = '-Onone'; OTHER_LDFLAGS = '$(inherited) -L/usr/local/Cellar/openssl/1.0.2h_1/lib -lssl -L/usr/local/Cellar/openssl/1.0.2h_1/lib -lcrypto'; };
            name = Debug;
        };
        _ReleaseConf_PerfectPress = {
            isa = XCBuildConfiguration;
            buildSettings = { LD_RUNPATH_SEARCH_PATHS = '$(TOOLCHAIN_DIR)/usr/lib/swift/macosx @executable_path'; FRAMEWORK_SEARCH_PATHS = '$(PLATFORM_DIR)/Developer/Library/Frameworks'; HEADER_SEARCH_PATHS = '/Users/Ryan/Developer/Swift/OS X/PerfectPress/Packages/SQLite3-0.3.0 /Users/Ryan/Developer/Swift/OS X/PerfectPress/Packages/OpenSSL-0.3.0'; OTHER_SWIFT_FLAGS = '$(inherited) -I/usr/local/Cellar/openssl/1.0.2h_1/include -I/usr/local/Cellar/openssl/1.0.2h_1/include'; SWIFT_FORCE_STATIC_LINK_STDLIB = 'NO'; SWIFT_FORCE_DYNAMIC_LINK_STDLIB = 'YES'; OTHER_LDFLAGS = '$(inherited) -L/usr/local/Cellar/openssl/1.0.2h_1/lib -lssl -L/usr/local/Cellar/openssl/1.0.2h_1/lib -lcrypto'; };
            name = Release;
        };
        __Dependency_PerfectPress = {
            isa = PBXTargetDependency;
            target = ______Target_PerfectPress;
        };
        '__PBXFileRef_PerfectPress.xcodeproj/Configs/Project.xcconfig' = {
            isa = PBXFileReference;
            lastKnownFileType = text.xcconfig;
            name = 'Project.xcconfig';
            path = 'PerfectPress.xcodeproj/Configs/Project.xcconfig';
            sourceTree = '<group>';
        };
        _____Configs_ = {
            isa = PBXGroup;
            children = ('__PBXFileRef_PerfectPress.xcodeproj/Configs/Project.xcconfig');
            name = Configs;
            sourceTree = '<group>';
        };
        _____Sources_ = {
            isa = PBXGroup;
            children = (_______Group_PerfectThread, _______Group_PerfectNet, _______Group_PerfectLib, _______Group_SQLite, _______Group_PerfectPress);
            name = Sources;
            sourceTree = '<group>';
        };
        Dependencies_ = {
            isa = PBXGroup;
            children = (_______Group_PerfectThread, _______Group_PerfectNet, _______Group_PerfectLib, _______Group_SQLite);
            name = Dependencies;
            sourceTree = '<group>';
        };
        ____Products_ = {
            isa = PBXGroup;
            children = (_____Product_PerfectThread, _____Product_PerfectNet, _____Product_PerfectLib, _____Product_SQLite, _____Product_PerfectPress);
            name = Products;
            sourceTree = '<group>';
        };
        _______Debug_ = {
            isa = XCBuildConfiguration;
            baseConfigurationReference = '__PBXFileRef_PerfectPress.xcodeproj/Configs/Project.xcconfig';
            buildSettings = {};
            name = Debug;
        };
        _____Release_ = {
            isa = XCBuildConfiguration;
            baseConfigurationReference = '__PBXFileRef_PerfectPress.xcodeproj/Configs/Project.xcconfig';
            buildSettings = {};
            name = Release;
        };
        ___RootConfs_ = {
            isa = XCConfigurationList;
            buildConfigurations = (_______Debug_, _____Release_);
            defaultConfigurationIsVisible = 0;
            defaultConfigurationName = Debug;
        };
    };
}
